
Microsoft Visual Studio Solution File, Format Version 12.00
# Visual Studio Version 17
VisualStudioVersion = 17.3.32811.315
MinimumVisualStudioVersion = 10.0.40219.1
Project("{FAE04EC0-301F-11D3-BF4B-00C04F79EFBC}") = "Calculator", "Calculator\Calculator.csproj", "{313780BF-7B88-49F1-8B60-35460B0E0523}"
EndProject
Project("{FAE04EC0-301F-11D3-BF4B-00C04F79EFBC}") = "CalculatorTest", "CalculatorTest\CalculatorTest.csproj", "{5FE76FAB-9E7C-4126-B130-A2C4D311E0EF}"
EndProject
Global
	GlobalSection(SolutionConfigurationPlatforms) = preSolution
		Debug|Any CPU = Debug|Any CPU
		Release|Any CPU = Release|Any CPU
	EndGlobalSection
	GlobalSection(ProjectConfigurationPlatforms) = postSolution
		{313780BF-7B88-49F1-8B60-35460B0E0523}.Debug|Any CPU.ActiveCfg = Debug|Any CPU
		{313780BF-7B88-49F1-8B60-35460B0E0523}.Debug|Any CPU.Build.0 = Debug|Any CPU
		{313780BF-7B88-49F1-8B60-35460B0E0523}.Release|Any CPU.ActiveCfg = Release|Any CPU
		{313780BF-7B88-49F1-8B60-35460B0E0523}.Release|Any CPU.Build.0 = Release|Any CPU
		{5FE76FAB-9E7C-4126-B130-A2C4D311E0EF}.Debug|Any CPU.ActiveCfg = Debug|Any CPU
		{5FE76FAB-9E7C-4126-B130-A2C4D311E0EF}.Debug|Any CPU.Build.0 = Debug|Any CPU
		{5FE76FAB-9E7C-4126-B130-A2C4D311E0EF}.Release|Any CPU.ActiveCfg = Release|Any CPU
		{5FE76FAB-9E7C-4126-B130-A2C4D311E0EF}.Release|Any CPU.Build.0 = Release|Any CPU
	EndGlobalSection
	GlobalSection(SolutionProperties) = preSolution
		HideSolutionNode = FALSE
	EndGlobalSection
	GlobalSection(ExtensibilityGlobals) = postSolution
		SolutionGuid = {38A803B6-C87E-4602-A1FC-1DE2F941EAF8}
	EndGlobalSection
EndGlobal
